
Microsoft Visual Studio Solution File, Format Version 12.00
# Visual Studio Version 17
VisualStudioVersion = 17.3.32811.315
MinimumVisualStudioVersion = 10.0.40219.1
Project("{FAE04EC0-301F-11D3-BF4B-00C04F79EFBC}") = "QueshensBook", "QueshensBook\QueshensBook.csproj", "{24ED9100-EBF3-4AF7-8F6F-3800E9CB1EBA}"
EndProject
Global
	GlobalSection(SolutionConfigurationPlatforms) = preSolution
		Debug|Any CPU = Debug|Any CPU
		Release|Any CPU = Release|Any CPU
	EndGlobalSection
	GlobalSection(ProjectConfigurationPlatforms) = postSolution
		{24ED9100-EBF3-4AF7-8F6F-3800E9CB1EBA}.Debug|Any CPU.ActiveCfg = Debug|Any CPU
		{24ED9100-EBF3-4AF7-8F6F-3800E9CB1EBA}.Debug|Any CPU.Build.0 = Debug|Any CPU
		{24ED9100-EBF3-4AF7-8F6F-3800E9CB1EBA}.Release|Any CPU.ActiveCfg = Release|Any CPU
		{24ED9100-EBF3-4AF7-8F6F-3800E9CB1EBA}.Release|Any CPU.Build.0 = Release|Any CPU
	EndGlobalSection
	GlobalSection(SolutionProperties) = preSolution
		HideSolutionNode = FALSE
	EndGlobalSection
	GlobalSection(ExtensibilityGlobals) = postSolution
		SolutionGuid = {B92A9CFF-9F1F-417F-9113-8A68BE29443F}
	EndGlobalSection
EndGlobal
